// !$*UTF8*$!
{
	archiveVersion = 1;
	classes = {
	};
	objectVersion = 50;
	objects = {

/* Begin PBXBuildFile section */
		D002EBAF252E60A400392943 /* AppDelegate.swift in Sources */ = {isa = PBXBuildFile; fileRef = D002EBAE252E60A400392943 /* AppDelegate.swift */; };
		D002EBB1252E60A400392943 /* SceneDelegate.swift in Sources */ = {isa = PBXBuildFile; fileRef = D002EBB0252E60A400392943 /* SceneDelegate.swift */; };
		D002EBB6252E60A400392943 /* Main.storyboard in Resources */ = {isa = PBXBuildFile; fileRef = D002EBB4252E60A400392943 /* Main.storyboard */; };
		D002EBB8252E60A600392943 /* Assets.xcassets in Resources */ = {isa = PBXBuildFile; fileRef = D002EBB7252E60A600392943 /* Assets.xcassets */; };
		D002EBBB252E60A600392943 /* LaunchScreen.storyboard in Resources */ = {isa = PBXBuildFile; fileRef = D002EBB9252E60A600392943 /* LaunchScreen.storyboard */; };
		D002EBC7252E767F00392943 /* WelcomeViewController.swift in Sources */ = {isa = PBXBuildFile; fileRef = D002EBC6252E767F00392943 /* WelcomeViewController.swift */; };
		D002EBC9252E76B100392943 /* RegistrationViewController.swift in Sources */ = {isa = PBXBuildFile; fileRef = D002EBC8252E76B100392943 /* RegistrationViewController.swift */; };
		D002EBCB252E76C200392943 /* LoginViewController.swift in Sources */ = {isa = PBXBuildFile; fileRef = D002EBCA252E76C200392943 /* LoginViewController.swift */; };
		D002EBCD252E76CF00392943 /* ChatViewController.swift in Sources */ = {isa = PBXBuildFile; fileRef = D002EBCC252E76CF00392943 /* ChatViewController.swift */; };
/* End PBXBuildFile section */

/* Begin PBXFileReference section */
		D002EBAB252E60A400392943 /* SimpleChat.app */ = {isa = PBXFileReference; explicitFileType = wrapper.application; includeInIndex = 0; path = SimpleChat.app; sourceTree = BUILT_PRODUCTS_DIR; };
		D002EBAE252E60A400392943 /* AppDelegate.swift */ = {isa = PBXFileReference; lastKnownFileType = sourcecode.swift; path = AppDelegate.swift; sourceTree = "<group>"; };
		D002EBB0252E60A400392943 /* SceneDelegate.swift */ = {isa = PBXFileReference; lastKnownFileType = sourcecode.swift; path = SceneDelegate.swift; sourceTree = "<group>"; };
		D002EBB5252E60A400392943 /* Base */ = {isa = PBXFileReference; lastKnownFileType = file.storyboard; name = Base; path = Base.lproj/Main.storyboard; sourceTree = "<group>"; };
		D002EBB7252E60A600392943 /* Assets.xcassets */ = {isa = PBXFileReference; lastKnownFileType = folder.assetcatalog; path = Assets.xcassets; sourceTree = "<group>"; };
		D002EBBA252E60A600392943 /* Base */ = {isa = PBXFileReference; lastKnownFileType = file.storyboard; name = Base; path = Base.lproj/LaunchScreen.storyboard; sourceTree = "<group>"; };
		D002EBBC252E60A600392943 /* Info.plist */ = {isa = PBXFileReference; lastKnownFileType = text.plist.xml; path = Info.plist; sourceTree = "<group>"; };
		D002EBC6252E767F00392943 /* WelcomeViewController.swift */ = {isa = PBXFileReference; lastKnownFileType = sourcecode.swift; path = WelcomeViewController.swift; sourceTree = "<group>"; };
		D002EBC8252E76B100392943 /* RegistrationViewController.swift */ = {isa = PBXFileReference; lastKnownFileType = sourcecode.swift; path = RegistrationViewController.swift; sourceTree = "<group>"; };
		D002EBCA252E76C200392943 /* LoginViewController.swift */ = {isa = PBXFileReference; lastKnownFileType = sourcecode.swift; path = LoginViewController.swift; sourceTree = "<group>"; };
		D002EBCC252E76CF00392943 /* ChatViewController.swift */ = {isa = PBXFileReference; lastKnownFileType = sourcecode.swift; path = ChatViewController.swift; sourceTree = "<group>"; };
/* End PBXFileReference section */

/* Begin PBXFrameworksBuildPhase section */
		D002EBA8252E60A400392943 /* Frameworks */ = {
			isa = PBXFrameworksBuildPhase;
			buildActionMask = 2147483647;
			files = (
			);
			runOnlyForDeploymentPostprocessing = 0;
		};
/* End PBXFrameworksBuildPhase section */

/* Begin PBXGroup section */
		D002EBA2252E60A400392943 = {
			isa = PBXGroup;
			children = (
				D002EBAD252E60A400392943 /* SimpleChat */,
				D002EBAC252E60A400392943 /* Products */,
			);
			sourceTree = "<group>";
		};
		D002EBAC252E60A400392943 /* Products */ = {
			isa = PBXGroup;
			children = (
				D002EBAB252E60A400392943 /* SimpleChat.app */,
			);
			name = Products;
			sourceTree = "<group>";
		};
		D002EBAD252E60A400392943 /* SimpleChat */ = {
			isa = PBXGroup;
			children = (
				D002EBC2252E6CBD00392943 /* Model */,
				D002EBC3252E6CC800392943 /* View */,
				D002EBC4252E6CD100392943 /* Controller */,
				D002EBC5252E6D1200392943 /* Supporting Files */,
			);
			path = SimpleChat;
			sourceTree = "<group>";
		};
		D002EBC2252E6CBD00392943 /* Model */ = {
			isa = PBXGroup;
			children = (
			);
			path = Model;
			sourceTree = "<group>";
		};
		D002EBC3252E6CC800392943 /* View */ = {
			isa = PBXGroup;
			children = (
				D002EBB4252E60A400392943 /* Main.storyboard */,
				D002EBB9252E60A600392943 /* LaunchScreen.storyboard */,
			);
			path = View;
			sourceTree = "<group>";
		};
		D002EBC4252E6CD100392943 /* Controller */ = {
			isa = PBXGroup;
			children = (
				D002EBC6252E767F00392943 /* WelcomeViewController.swift */,
				D002EBC8252E76B100392943 /* RegistrationViewController.swift */,
				D002EBCA252E76C200392943 /* LoginViewController.swift */,
				D002EBCC252E76CF00392943 /* ChatViewController.swift */,
			);
			path = Controller;
			sourceTree = "<group>";
		};
		D002EBC5252E6D1200392943 /* Supporting Files */ = {
			isa = PBXGroup;
			children = (
				D002EBBC252E60A600392943 /* Info.plist */,
				D002EBAE252E60A400392943 /* AppDelegate.swift */,
				D002EBB0252E60A400392943 /* SceneDelegate.swift */,
				D002EBB7252E60A600392943 /* Assets.xcassets */,
			);
			path = "Supporting Files";
			sourceTree = "<group>";
		};
/* End PBXGroup section */

/* Begin PBXNativeTarget section */
		D002EBAA252E60A400392943 /* SimpleChat */ = {
			isa = PBXNativeTarget;
			buildConfigurationList = D002EBBF252E60A600392943 /* Build configuration list for PBXNativeTarget "SimpleChat" */;
			buildPhases = (
				D002EBA7252E60A400392943 /* Sources */,
				D002EBA8252E60A400392943 /* Frameworks */,
				D002EBA9252E60A400392943 /* Resources */,
			);
			buildRules = (
			);
			dependencies = (
			);
			name = SimpleChat;
			productName = SimpleChat;
			productReference = D002EBAB252E60A400392943 /* SimpleChat.app */;
			productType = "com.apple.product-type.application";
		};
/* End PBXNativeTarget section */

/* Begin PBXProject section */
		D002EBA3252E60A400392943 /* Project object */ = {
			isa = PBXProject;
			attributes = {
				LastSwiftUpdateCheck = 1170;
				LastUpgradeCheck = 1170;
				ORGANIZATIONNAME = "Egor Mezhin";
				TargetAttributes = {
					D002EBAA252E60A400392943 = {
						CreatedOnToolsVersion = 11.7;
					};
				};
			};
			buildConfigurationList = D002EBA6252E60A400392943 /* Build configuration list for PBXProject "SimpleChat" */;
			compatibilityVersion = "Xcode 9.3";
			developmentRegion = en;
			hasScannedForEncodings = 0;
			knownRegions = (
				en,
				Base,
			);
			mainGroup = D002EBA2252E60A400392943;
			productRefGroup = D002EBAC252E60A400392943 /* Products */;
			projectDirPath = "";
			projectRoot = "";
			targets = (
				D002EBAA252E60A400392943 /* SimpleChat */,
			);
		};
/* End PBXProject section */

/* Begin PBXResourcesBuildPhase section */
		D002EBA9252E60A400392943 /* Resources */ = {
			isa = PBXResourcesBuildPhase;
			buildActionMask = 2147483647;
			files = (
				D002EBBB252E60A600392943 /* LaunchScreen.storyboard in Resources */,
				D002EBB8252E60A600392943 /* Assets.xcassets in Resources */,
				D002EBB6252E60A400392943 /* Main.storyboard in Resources */,
			);
			runOnlyForDeploymentPostprocessing = 0;
		};
/* End PBXResourcesBuildPhase section */

/* Begin PBXSourcesBuildPhase section */
		D002EBA7252E60A400392943 /* Sources */ = {
			isa = PBXSourcesBuildPhase;
			buildActionMask = 2147483647;
			files = (
				D002EBC7252E767F00392943 /* WelcomeViewController.swift in Sources */,
				D002EBAF252E60A400392943 /* AppDelegate.swift in Sources */,
				D002EBC9252E76B100392943 /* RegistrationViewController.swift in Sources */,
				D002EBCB252E76C200392943 /* LoginViewController.swift in Sources */,
				D002EBCD252E76CF00392943 /* ChatViewController.swift in Sources */,
				D002EBB1252E60A400392943 /* SceneDelegate.swift in Sources */,
			);
			runOnlyForDeploymentPostprocessing = 0;
		};
/* End PBXSourcesBuildPhase section */

/* Begin PBXVariantGroup section */
		D002EBB4252E60A400392943 /* Main.storyboard */ = {
			isa = PBXVariantGroup;
			children = (
				D002EBB5252E60A400392943 /* Base */,
			);
			name = Main.storyboard;
			sourceTree = "<group>";
		};
		D002EBB9252E60A600392943 /* LaunchScreen.storyboard */ = {
			isa = PBXVariantGroup;
			children = (
				D002EBBA252E60A600392943 /* Base */,
			);
			name = LaunchScreen.storyboard;
			sourceTree = "<group>";
		};
/* End PBXVariantGroup section */

/* Begin XCBuildConfiguration section */
		D002EBBD252E60A600392943 /* Debug */ = {
			isa = XCBuildConfiguration;
			buildSettings = {
				ALWAYS_SEARCH_USER_PATHS = NO;
				CLANG_ANALYZER_NONNULL = YES;
				CLANG_ANALYZER_NUMBER_OBJECT_CONVERSION = YES_AGGRESSIVE;
				CLANG_CXX_LANGUAGE_STANDARD = "gnu++14";
				CLANG_CXX_LIBRARY = "libc++";
				CLANG_ENABLE_MODULES = YES;
				CLANG_ENABLE_OBJC_ARC = YES;
				CLANG_ENABLE_OBJC_WEAK = YES;
				CLANG_WARN_BLOCK_CAPTURE_AUTORELEASING = YES;
				CLANG_WARN_BOOL_CONVERSION = YES;
				CLANG_WARN_COMMA = YES;
				CLANG_WARN_CONSTANT_CONVERSION = YES;
				CLANG_WARN_DEPRECATED_OBJC_IMPLEMENTATIONS = YES;
				CLANG_WARN_DIRECT_OBJC_ISA_USAGE = YES_ERROR;
				CLANG_WARN_DOCUMENTATION_COMMENTS = YES;
				CLANG_WARN_EMPTY_BODY = YES;
				CLANG_WARN_ENUM_CONVERSION = YES;
				CLANG_WARN_INFINITE_RECURSION = YES;
				CLANG_WARN_INT_CONVERSION = YES;
				CLANG_WARN_NON_LITERAL_NULL_CONVERSION = YES;
				CLANG_WARN_OBJC_IMPLICIT_RETAIN_SELF = YES;
				CLANG_WARN_OBJC_LITERAL_CONVERSION = YES;
				CLANG_WARN_OBJC_ROOT_CLASS = YES_ERROR;
				CLANG_WARN_RANGE_LOOP_ANALYSIS = YES;
				CLANG_WARN_STRICT_PROTOTYPES = YES;
				CLANG_WARN_SUSPICIOUS_MOVE = YES;
				CLANG_WARN_UNGUARDED_AVAILABILITY = YES_AGGRESSIVE;
				CLANG_WARN_UNREACHABLE_CODE = YES;
				CLANG_WARN__DUPLICATE_METHOD_MATCH = YES;
				COPY_PHASE_STRIP = NO;
				DEBUG_INFORMATION_FORMAT = dwarf;
				ENABLE_STRICT_OBJC_MSGSEND = YES;
				ENABLE_TESTABILITY = YES;
				GCC_C_LANGUAGE_STANDARD = gnu11;
				GCC_DYNAMIC_NO_PIC = NO;
				GCC_NO_COMMON_BLOCKS = YES;
				GCC_OPTIMIZATION_LEVEL = 0;
				GCC_PREPROCESSOR_DEFINITIONS = (
					"DEBUG=1",
					"$(inherited)",
				);
				GCC_WARN_64_TO_32_BIT_CONVERSION = YES;
				GCC_WARN_ABOUT_RETURN_TYPE = YES_ERROR;
				GCC_WARN_UNDECLARED_SELECTOR = YES;
				GCC_WARN_UNINITIALIZED_AUTOS = YES_AGGRESSIVE;
				GCC_WARN_UNUSED_FUNCTION = YES;
				GCC_WARN_UNUSED_VARIABLE = YES;
				IPHONEOS_DEPLOYMENT_TARGET = 13.7;
				MTL_ENABLE_DEBUG_INFO = INCLUDE_SOURCE;
				MTL_FAST_MATH = YES;
				ONLY_ACTIVE_ARCH = YES;
				SDKROOT = iphoneos;
				SWIFT_ACTIVE_COMPILATION_CONDITIONS = DEBUG;
				SWIFT_OPTIMIZATION_LEVEL = "-Onone";
			};
			name = Debug;
		};
		D002EBBE252E60A600392943 /* Release */ = {
			isa = XCBuildConfiguration;
			buildSettings = {
				ALWAYS_SEARCH_USER_PATHS = NO;
				CLANG_ANALYZER_NONNULL = YES;
				CLANG_ANALYZER_NUMBER_OBJECT_CONVERSION = YES_AGGRESSIVE;
				CLANG_CXX_LANGUAGE_STANDARD = "gnu++14";
				CLANG_CXX_LIBRARY = "libc++";
				CLANG_ENABLE_MODULES = YES;
				CLANG_ENABLE_OBJC_ARC = YES;
				CLANG_ENABLE_OBJC_WEAK = YES;
				CLANG_WARN_BLOCK_CAPTURE_AUTORELEASING = YES;
				CLANG_WARN_BOOL_CONVERSION = YES;
				CLANG_WARN_COMMA = YES;
				CLANG_WARN_CONSTANT_CONVERSION = YES;
				CLANG_WARN_DEPRECATED_OBJC_IMPLEMENTATIONS = YES;
				CLANG_WARN_DIRECT_OBJC_ISA_USAGE = YES_ERROR;
				CLANG_WARN_DOCUMENTATION_COMMENTS = YES;
				CLANG_WARN_EMPTY_BODY = YES;
				CLANG_WARN_ENUM_CONVERSION = YES;
				CLANG_WARN_INFINITE_RECURSION = YES;
				CLANG_WARN_INT_CONVERSION = YES;
				CLANG_WARN_NON_LITERAL_NULL_CONVERSION = YES;
				CLANG_WARN_OBJC_IMPLICIT_RETAIN_SELF = YES;
				CLANG_WARN_OBJC_LITERAL_CONVERSION = YES;
				CLANG_WARN_OBJC_ROOT_CLASS = YES_ERROR;
				CLANG_WARN_RANGE_LOOP_ANALYSIS = YES;
				CLANG_WARN_STRICT_PROTOTYPES = YES;
				CLANG_WARN_SUSPICIOUS_MOVE = YES;
				CLANG_WARN_UNGUARDED_AVAILABILITY = YES_AGGRESSIVE;
				CLANG_WARN_UNREACHABLE_CODE = YES;
				CLANG_WARN__DUPLICATE_METHOD_MATCH = YES;
				COPY_PHASE_STRIP = NO;
				DEBUG_INFORMATION_FORMAT = "dwarf-with-dsym";
				ENABLE_NS_ASSERTIONS = NO;
				ENABLE_STRICT_OBJC_MSGSEND = YES;
				GCC_C_LANGUAGE_STANDARD = gnu11;
				GCC_NO_COMMON_BLOCKS = YES;
				GCC_WARN_64_TO_32_BIT_CONVERSION = YES;
				GCC_WARN_ABOUT_RETURN_TYPE = YES_ERROR;
				GCC_WARN_UNDECLARED_SELECTOR = YES;
				GCC_WARN_UNINITIALIZED_AUTOS = YES_AGGRESSIVE;
				GCC_WARN_UNUSED_FUNCTION = YES;
				GCC_WARN_UNUSED_VARIABLE = YES;
				IPHONEOS_DEPLOYMENT_TARGET = 13.7;
				MTL_ENABLE_DEBUG_INFO = NO;
				MTL_FAST_MATH = YES;
				SDKROOT = iphoneos;
				SWIFT_COMPILATION_MODE = wholemodule;
				SWIFT_OPTIMIZATION_LEVEL = "-O";
				VALIDATE_PRODUCT = YES;
			};
			name = Release;
		};
		D002EBC0252E60A600392943 /* Debug */ = {
			isa = XCBuildConfiguration;
			buildSettings = {
				ASSETCATALOG_COMPILER_APPICON_NAME = AppIcon;
				CODE_SIGN_STYLE = Automatic;
				DEVELOPMENT_TEAM = YKJ7WX469T;
				INFOPLIST_FILE = "SimpleChat/Supporting FIles/info.plist";
				LD_RUNPATH_SEARCH_PATHS = (
					"$(inherited)",
					"@executable_path/Frameworks",
				);
				PRODUCT_BUNDLE_IDENTIFIER = com.egormezhin.SimpleChat;
				PRODUCT_NAME = "$(TARGET_NAME)";
				SWIFT_VERSION = 5.0;
				TARGETED_DEVICE_FAMILY = 1;
			};
			name = Debug;
		};
		D002EBC1252E60A600392943 /* Release */ = {
			isa = XCBuildConfiguration;
			buildSettings = {
				ASSETCATALOG_COMPILER_APPICON_NAME = AppIcon;
				CODE_SIGN_STYLE = Automatic;
				DEVELOPMENT_TEAM = YKJ7WX469T;
				INFOPLIST_FILE = "SimpleChat/Supporting FIles/info.plist";
				LD_RUNPATH_SEARCH_PATHS = (
					"$(inherited)",
					"@executable_path/Frameworks",
				);
				PRODUCT_BUNDLE_IDENTIFIER = com.egormezhin.SimpleChat;
				PRODUCT_NAME = "$(TARGET_NAME)";
				SWIFT_VERSION = 5.0;
				TARGETED_DEVICE_FAMILY = 1;
			};
			name = Release;
		};
/* End XCBuildConfiguration section */

/* Begin XCConfigurationList section */
		D002EBA6252E60A400392943 /* Build configuration list for PBXProject "SimpleChat" */ = {
			isa = XCConfigurationList;
			buildConfigurations = (
				D002EBBD252E60A600392943 /* Debug */,
				D002EBBE252E60A600392943 /* Release */,
			);
			defaultConfigurationIsVisible = 0;
			defaultConfigurationName = Release;
		};
		D002EBBF252E60A600392943 /* Build configuration list for PBXNativeTarget "SimpleChat" */ = {
			isa = XCConfigurationList;
			buildConfigurations = (
				D002EBC0252E60A600392943 /* Debug */,
				D002EBC1252E60A600392943 /* Release */,
			);
			defaultConfigurationIsVisible = 0;
			defaultConfigurationName = Release;
		};
/* End XCConfigurationList section */
	};
	rootObject = D002EBA3252E60A400392943 /* Project object */;
}
